{
  "name": "lavadome-test-oracle",
  "lockfileVersion": 3,
  "requires": true,
  "packages": {
    "": {
      "name": "lavadome-test-oracle",
      "dependencies": {
        "@magmacrunch/adenosine-cards": "0.7.4"
      }
    },
    "node_modules/@magmacrunch/adenosine-cards": {
      "version": "0.7.4",
      "resolved": "https://registry.npmjs.org/@magmacrunch/adenosine-cards/-/adenosine-cards-0.7.4.tgz",
      "integrity": "sha512-UfO9vOSlh5Cx3Im0EobrF6kUZjE5vHJ8A5Th49faRuQ36z8tgOeUxyROT6fp7u5fwgKNXfJKyjv29Yl9aYvcsA==",
      "license": "Apache-2.0",
      "engines": {
        "node": ">=20"
      }
    }
  }
}
